
Microsoft Visual Studio Solution File, Format Version 12.00
# Visual Studio Version 16
VisualStudioVersion = 16.0.31112.23
MinimumVisualStudioVersion = 10.0.40219.1
Project("{FAE04EC0-301F-11D3-BF4B-00C04F79EFBC}") = "CountryInfoTestTask", "CountryInfoTestTask\CountryInfoTestTask.csproj", "{702FAF4D-D5DA-48EE-A971-D0A24411AFB8}"
EndProject
Global
	GlobalSection(SolutionConfigurationPlatforms) = preSolution
		Debug|Any CPU = Debug|Any CPU
		Release|Any CPU = Release|Any CPU
	EndGlobalSection
	GlobalSection(ProjectConfigurationPlatforms) = postSolution
		{702FAF4D-D5DA-48EE-A971-D0A24411AFB8}.Debug|Any CPU.ActiveCfg = Debug|Any CPU
		{702FAF4D-D5DA-48EE-A971-D0A24411AFB8}.Debug|Any CPU.Build.0 = Debug|Any CPU
		{702FAF4D-D5DA-48EE-A971-D0A24411AFB8}.Release|Any CPU.ActiveCfg = Release|Any CPU
		{702FAF4D-D5DA-48EE-A971-D0A24411AFB8}.Release|Any CPU.Build.0 = Release|Any CPU
	EndGlobalSection
	GlobalSection(SolutionProperties) = preSolution
		HideSolutionNode = FALSE
	EndGlobalSection
	GlobalSection(ExtensibilityGlobals) = postSolution
		SolutionGuid = {0720C696-D981-47DC-B368-D6E39F68CFD2}
	EndGlobalSection
EndGlobal
